# This file was autogenerated by uv via the following command:
#    uv pip compile requirements.txt -o requirements.lock
certifi==2025.11.12
    # via
    #   -r requirements.txt
    #   requests
charset-normalizer==3.4.4
    # via
    #   -r requirements.txt
    #   requests
colorama==0.4.6
    # via
    #   -r requirements.txt
    #   tqdm
idna==3.11
    # via
    #   -r requirements.txt
    #   requests
kagglehub==0.3.13
    # via -r requirements.txt
numpy==2.4.0
    # via
    #   -r requirements.txt
    #   pandas
packaging==25.0
    # via
    #   -r requirements.txt
    #   kagglehub
pandas==2.3.3
    # via -r requirements.txt
pip==25.3
    # via -r requirements.txt
python-dateutil==2.9.0.post0
    # via
    #   -r requirements.txt
    #   pandas
python-dotenv==1.2.1
    # via -r requirements.txt
pytz==2025.2
    # via
    #   -r requirements.txt
    #   pandas
pyyaml==6.0.3
    # via
    #   -r requirements.txt
    #   kagglehub
requests==2.32.5
    # via
    #   -r requirements.txt
    #   kagglehub
six==1.17.0
    # via
    #   -r requirements.txt
    #   python-dateutil
tqdm==4.67.1
    # via
    #   -r requirements.txt
    #   kagglehub
tzdata==2025.3
    # via
    #   -r requirements.txt
    #   pandas
urllib3==2.6.2
    # via
    #   -r requirements.txt
    #   requests
uv==0.9.21
    # via -r requirements.txt
